// !$*UTF8*$!
{
	archiveVersion = 1;
	classes = {
	};
	objectVersion = 56;
	objects = {

/* Begin PBXBuildFile section */
		6532C2A02BFC086500DEEA14 /* PiwiConciergeApp.swift in Sources */ = {isa = PBXBuildFile; fileRef = 6532C27D2BFC086400DEEA14 /* PiwiConciergeApp.swift */; };
		6532C2A22BFC086500DEEA14 /* Placeholder-model-0.usdz in Resources */ = {isa = PBXBuildFile; fileRef = 6532C2802BFC086400DEEA14 /* Placeholder-model-0.usdz */; };
		6532C2A32BFC086500DEEA14 /* Placeholder-model-1.usdz in Resources */ = {isa = PBXBuildFile; fileRef = 6532C2812BFC086400DEEA14 /* Placeholder-model-1.usdz */; };
		6532C2A42BFC086500DEEA14 /* Placeholder-model-2.usdz in Resources */ = {isa = PBXBuildFile; fileRef = 6532C2822BFC086400DEEA14 /* Placeholder-model-2.usdz */; };
		6532C2A52BFC086500DEEA14 /* shopping-cart-animation.json in Resources */ = {isa = PBXBuildFile; fileRef = 6532C2832BFC086400DEEA14 /* shopping-cart-animation.json */; };
		6532C2A62BFC086500DEEA14 /* CartView.swift in Sources */ = {isa = PBXBuildFile; fileRef = 6532C2852BFC086400DEEA14 /* CartView.swift */; };
		6532C2A72BFC086500DEEA14 /* CategoryCard.swift in Sources */ = {isa = PBXBuildFile; fileRef = 6532C2862BFC086400DEEA14 /* CategoryCard.swift */; };
		6532C2A82BFC086500DEEA14 /* CategoryNavigation.swift in Sources */ = {isa = PBXBuildFile; fileRef = 6532C2872BFC086400DEEA14 /* CategoryNavigation.swift */; };
		6532C2A92BFC086500DEEA14 /* DashboardView.swift in Sources */ = {isa = PBXBuildFile; fileRef = 6532C2882BFC086400DEEA14 /* DashboardView.swift */; };
		6532C2AA2BFC086500DEEA14 /* FeaturedItemCard.swift in Sources */ = {isa = PBXBuildFile; fileRef = 6532C2892BFC086400DEEA14 /* FeaturedItemCard.swift */; };
		6532C2AB2BFC086500DEEA14 /* FeaturedSection.swift in Sources */ = {isa = PBXBuildFile; fileRef = 6532C28A2BFC086400DEEA14 /* FeaturedSection.swift */; };
		6532C2AC2BFC086500DEEA14 /* HeaderView.swift in Sources */ = {isa = PBXBuildFile; fileRef = 6532C28B2BFC086400DEEA14 /* HeaderView.swift */; };
		6532C2AD2BFC086500DEEA14 /* HomeView.swift in Sources */ = {isa = PBXBuildFile; fileRef = 6532C28C2BFC086400DEEA14 /* HomeView.swift */; };
		6532C2AE2BFC086500DEEA14 /* InteractiveProductCard.swift in Sources */ = {isa = PBXBuildFile; fileRef = 6532C28D2BFC086400DEEA14 /* InteractiveProductCard.swift */; };
		6532C2AF2BFC086500DEEA14 /* ProfileView.swift in Sources */ = {isa = PBXBuildFile; fileRef = 6532C28E2BFC086400DEEA14 /* ProfileView.swift */; };
		6532C2B02BFC086500DEEA14 /* PromotionCard.swift in Sources */ = {isa = PBXBuildFile; fileRef = 6532C28F2BFC086400DEEA14 /* PromotionCard.swift */; };
		6532C2B12BFC086500DEEA14 /* PromotionsSection.swift in Sources */ = {isa = PBXBuildFile; fileRef = 6532C2902BFC086400DEEA14 /* PromotionsSection.swift */; };
		6532C2B22BFC086500DEEA14 /* RecommendationCarousel.swift in Sources */ = {isa = PBXBuildFile; fileRef = 6532C2912BFC086400DEEA14 /* RecommendationCarousel.swift */; };
		6532C2B32BFC086500DEEA14 /* SearchView.swift in Sources */ = {isa = PBXBuildFile; fileRef = 6532C2922BFC086400DEEA14 /* SearchView.swift */; };
		6532C2B42BFC086500DEEA14 /* LottieView.swift in Sources */ = {isa = PBXBuildFile; fileRef = 6532C2942BFC086400DEEA14 /* LottieView.swift */; };
		6532C2B52BFC086500DEEA14 /* PlaceholderView.swift in Sources */ = {isa = PBXBuildFile; fileRef = 6532C2952BFC086400DEEA14 /* PlaceholderView.swift */; };
		6532C2B62BFC086500DEEA14 /* WelcomeView.swift in Sources */ = {isa = PBXBuildFile; fileRef = 6532C2962BFC086400DEEA14 /* WelcomeView.swift */; };
		6532C2B72BFC086500DEEA14 /* Constants.swift in Sources */ = {isa = PBXBuildFile; fileRef = 6532C2982BFC086400DEEA14 /* Constants.swift */; };
		6532C2B82BFC086500DEEA14 /* Profile.swift in Sources */ = {isa = PBXBuildFile; fileRef = 6532C2992BFC086400DEEA14 /* Profile.swift */; };
		6532C2B92BFC086500DEEA14 /* UserData.swift in Sources */ = {isa = PBXBuildFile; fileRef = 6532C29A2BFC086400DEEA14 /* UserData.swift */; };
		6532C2BA2BFC086500DEEA14 /* Assets.xcassets in Resources */ = {isa = PBXBuildFile; fileRef = 6532C29C2BFC086400DEEA14 /* Assets.xcassets */; };
		6532C2BB2BFC086500DEEA14 /* README in Resources */ = {isa = PBXBuildFile; fileRef = 6532C29D2BFC086500DEEA14 /* README */; };
		654621302BFDC60E00BBD319 /* ImmersiveView.swift in Sources */ = {isa = PBXBuildFile; fileRef = 6546212E2BFDC60E00BBD319 /* ImmersiveView.swift */; };
		654621312BFDC60E00BBD319 /* ContentView.swift in Sources */ = {isa = PBXBuildFile; fileRef = 6546212F2BFDC60E00BBD319 /* ContentView.swift */; };
		654621332C02E3B000BBD319 /* SavedView.swift in Sources */ = {isa = PBXBuildFile; fileRef = 654621322C02E3B000BBD319 /* SavedView.swift */; };
		654621392C0516B400BBD319 /* SearchBar.swift in Sources */ = {isa = PBXBuildFile; fileRef = 654621382C0516B400BBD319 /* SearchBar.swift */; };
		656A1C3F2BF2A27B000A86A0 /* RealityKitContent in Frameworks */ = {isa = PBXBuildFile; productRef = 656A1C3E2BF2A27B000A86A0 /* RealityKitContent */; };
		656A1C552BF2A27D000A86A0 /* PiwiConciergeTests.swift in Sources */ = {isa = PBXBuildFile; fileRef = 656A1C542BF2A27D000A86A0 /* PiwiConciergeTests.swift */; };
		656A1C622BF31067000A86A0 /* Lottie in Frameworks */ = {isa = PBXBuildFile; productRef = 656A1C612BF31067000A86A0 /* Lottie */; };
		65FE1EC52BFC3D92006BA50B /* GroupedRecommendations.swift in Sources */ = {isa = PBXBuildFile; fileRef = 65FE1EC42BFC3D92006BA50B /* GroupedRecommendations.swift */; };
		65FE1EC72BFC3DDF006BA50B /* ProductDetailView.swift in Sources */ = {isa = PBXBuildFile; fileRef = 65FE1EC62BFC3DDF006BA50B /* ProductDetailView.swift */; };
		65FE1EC92BFD9417006BA50B /* Product.swift in Sources */ = {isa = PBXBuildFile; fileRef = 65FE1EC82BFD9417006BA50B /* Product.swift */; };
/* End PBXBuildFile section */

/* Begin PBXContainerItemProxy section */
		656A1C512BF2A27D000A86A0 /* PBXContainerItemProxy */ = {
			isa = PBXContainerItemProxy;
			containerPortal = 656A1C312BF2A27B000A86A0 /* Project object */;
			proxyType = 1;
			remoteGlobalIDString = 656A1C382BF2A27B000A86A0;
			remoteInfo = PiwiConcierge;
		};
/* End PBXContainerItemProxy section */

/* Begin PBXFileReference section */
		6532C27D2BFC086400DEEA14 /* PiwiConciergeApp.swift */ = {isa = PBXFileReference; fileEncoding = 4; lastKnownFileType = sourcecode.swift; path = PiwiConciergeApp.swift; sourceTree = "<group>"; };
		6532C2802BFC086400DEEA14 /* Placeholder-model-0.usdz */ = {isa = PBXFileReference; lastKnownFileType = file.usdz; path = "Placeholder-model-0.usdz"; sourceTree = "<group>"; };
		6532C2812BFC086400DEEA14 /* Placeholder-model-1.usdz */ = {isa = PBXFileReference; lastKnownFileType = file.usdz; path = "Placeholder-model-1.usdz"; sourceTree = "<group>"; };
		6532C2822BFC086400DEEA14 /* Placeholder-model-2.usdz */ = {isa = PBXFileReference; lastKnownFileType = file.usdz; path = "Placeholder-model-2.usdz"; sourceTree = "<group>"; };
		6532C2832BFC086400DEEA14 /* shopping-cart-animation.json */ = {isa = PBXFileReference; fileEncoding = 4; lastKnownFileType = text.json; path = "shopping-cart-animation.json"; sourceTree = "<group>"; };
		6532C2852BFC086400DEEA14 /* CartView.swift */ = {isa = PBXFileReference; fileEncoding = 4; lastKnownFileType = sourcecode.swift; path = CartView.swift; sourceTree = "<group>"; };
		6532C2862BFC086400DEEA14 /* CategoryCard.swift */ = {isa = PBXFileReference; fileEncoding = 4; lastKnownFileType = sourcecode.swift; path = CategoryCard.swift; sourceTree = "<group>"; };
		6532C2872BFC086400DEEA14 /* CategoryNavigation.swift */ = {isa = PBXFileReference; fileEncoding = 4; lastKnownFileType = sourcecode.swift; path = CategoryNavigation.swift; sourceTree = "<group>"; };
		6532C2882BFC086400DEEA14 /* DashboardView.swift */ = {isa = PBXFileReference; fileEncoding = 4; lastKnownFileType = sourcecode.swift; path = DashboardView.swift; sourceTree = "<group>"; };
		6532C2892BFC086400DEEA14 /* FeaturedItemCard.swift */ = {isa = PBXFileReference; fileEncoding = 4; lastKnownFileType = sourcecode.swift; path = FeaturedItemCard.swift; sourceTree = "<group>"; };
		6532C28A2BFC086400DEEA14 /* FeaturedSection.swift */ = {isa = PBXFileReference; fileEncoding = 4; lastKnownFileType = sourcecode.swift; path = FeaturedSection.swift; sourceTree = "<group>"; };
		6532C28B2BFC086400DEEA14 /* HeaderView.swift */ = {isa = PBXFileReference; fileEncoding = 4; lastKnownFileType = sourcecode.swift; path = HeaderView.swift; sourceTree = "<group>"; };
		6532C28C2BFC086400DEEA14 /* HomeView.swift */ = {isa = PBXFileReference; fileEncoding = 4; lastKnownFileType = sourcecode.swift; path = HomeView.swift; sourceTree = "<group>"; };
		6532C28D2BFC086400DEEA14 /* InteractiveProductCard.swift */ = {isa = PBXFileReference; fileEncoding = 4; lastKnownFileType = sourcecode.swift; path = InteractiveProductCard.swift; sourceTree = "<group>"; };
		6532C28E2BFC086400DEEA14 /* ProfileView.swift */ = {isa = PBXFileReference; fileEncoding = 4; lastKnownFileType = sourcecode.swift; path = ProfileView.swift; sourceTree = "<group>"; };
		6532C28F2BFC086400DEEA14 /* PromotionCard.swift */ = {isa = PBXFileReference; fileEncoding = 4; lastKnownFileType = sourcecode.swift; path = PromotionCard.swift; sourceTree = "<group>"; };
		6532C2902BFC086400DEEA14 /* PromotionsSection.swift */ = {isa = PBXFileReference; fileEncoding = 4; lastKnownFileType = sourcecode.swift; path = PromotionsSection.swift; sourceTree = "<group>"; };
		6532C2912BFC086400DEEA14 /* RecommendationCarousel.swift */ = {isa = PBXFileReference; fileEncoding = 4; lastKnownFileType = sourcecode.swift; path = RecommendationCarousel.swift; sourceTree = "<group>"; };
		6532C2922BFC086400DEEA14 /* SearchView.swift */ = {isa = PBXFileReference; fileEncoding = 4; lastKnownFileType = sourcecode.swift; path = SearchView.swift; sourceTree = "<group>"; };
		6532C2942BFC086400DEEA14 /* LottieView.swift */ = {isa = PBXFileReference; fileEncoding = 4; lastKnownFileType = sourcecode.swift; path = LottieView.swift; sourceTree = "<group>"; };
		6532C2952BFC086400DEEA14 /* PlaceholderView.swift */ = {isa = PBXFileReference; fileEncoding = 4; lastKnownFileType = sourcecode.swift; path = PlaceholderView.swift; sourceTree = "<group>"; };
		6532C2962BFC086400DEEA14 /* WelcomeView.swift */ = {isa = PBXFileReference; fileEncoding = 4; lastKnownFileType = sourcecode.swift; path = WelcomeView.swift; sourceTree = "<group>"; };
		6532C2982BFC086400DEEA14 /* Constants.swift */ = {isa = PBXFileReference; fileEncoding = 4; lastKnownFileType = sourcecode.swift; path = Constants.swift; sourceTree = "<group>"; };
		6532C2992BFC086400DEEA14 /* Profile.swift */ = {isa = PBXFileReference; fileEncoding = 4; lastKnownFileType = sourcecode.swift; path = Profile.swift; sourceTree = "<group>"; };
		6532C29A2BFC086400DEEA14 /* UserData.swift */ = {isa = PBXFileReference; fileEncoding = 4; lastKnownFileType = sourcecode.swift; path = UserData.swift; sourceTree = "<group>"; };
		6532C29C2BFC086400DEEA14 /* Assets.xcassets */ = {isa = PBXFileReference; lastKnownFileType = folder.assetcatalog; path = Assets.xcassets; sourceTree = "<group>"; };
		6532C29D2BFC086500DEEA14 /* README */ = {isa = PBXFileReference; fileEncoding = 4; lastKnownFileType = text; path = README; sourceTree = "<group>"; };
		6546212E2BFDC60E00BBD319 /* ImmersiveView.swift */ = {isa = PBXFileReference; fileEncoding = 4; lastKnownFileType = sourcecode.swift; path = ImmersiveView.swift; sourceTree = "<group>"; };
		6546212F2BFDC60E00BBD319 /* ContentView.swift */ = {isa = PBXFileReference; fileEncoding = 4; lastKnownFileType = sourcecode.swift; path = ContentView.swift; sourceTree = "<group>"; };
		654621322C02E3B000BBD319 /* SavedView.swift */ = {isa = PBXFileReference; lastKnownFileType = sourcecode.swift; path = SavedView.swift; sourceTree = "<group>"; };
		654621382C0516B400BBD319 /* SearchBar.swift */ = {isa = PBXFileReference; lastKnownFileType = sourcecode.swift; path = SearchBar.swift; sourceTree = "<group>"; };
		656A1C392BF2A27B000A86A0 /* PiwiConcierge.app */ = {isa = PBXFileReference; explicitFileType = wrapper.application; includeInIndex = 0; path = PiwiConcierge.app; sourceTree = BUILT_PRODUCTS_DIR; };
		656A1C3D2BF2A27B000A86A0 /* RealityKitContent */ = {isa = PBXFileReference; lastKnownFileType = wrapper; path = RealityKitContent; sourceTree = "<group>"; };
		656A1C502BF2A27D000A86A0 /* PiwiConciergeTests.xctest */ = {isa = PBXFileReference; explicitFileType = wrapper.cfbundle; includeInIndex = 0; path = PiwiConciergeTests.xctest; sourceTree = BUILT_PRODUCTS_DIR; };
		656A1C542BF2A27D000A86A0 /* PiwiConciergeTests.swift */ = {isa = PBXFileReference; lastKnownFileType = sourcecode.swift; path = PiwiConciergeTests.swift; sourceTree = "<group>"; };
		65FE1EC42BFC3D92006BA50B /* GroupedRecommendations.swift */ = {isa = PBXFileReference; lastKnownFileType = sourcecode.swift; path = GroupedRecommendations.swift; sourceTree = "<group>"; };
		65FE1EC62BFC3DDF006BA50B /* ProductDetailView.swift */ = {isa = PBXFileReference; lastKnownFileType = sourcecode.swift; path = ProductDetailView.swift; sourceTree = "<group>"; };
		65FE1EC82BFD9417006BA50B /* Product.swift */ = {isa = PBXFileReference; lastKnownFileType = sourcecode.swift; path = Product.swift; sourceTree = "<group>"; };
/* End PBXFileReference section */

/* Begin PBXFrameworksBuildPhase section */
		656A1C362BF2A27B000A86A0 /* Frameworks */ = {
			isa = PBXFrameworksBuildPhase;
			buildActionMask = 2147483647;
			files = (
				656A1C3F2BF2A27B000A86A0 /* RealityKitContent in Frameworks */,
				656A1C622BF31067000A86A0 /* Lottie in Frameworks */,
			);
			runOnlyForDeploymentPostprocessing = 0;
		};
		656A1C4D2BF2A27D000A86A0 /* Frameworks */ = {
			isa = PBXFrameworksBuildPhase;
			buildActionMask = 2147483647;
			files = (
			);
			runOnlyForDeploymentPostprocessing = 0;
		};
/* End PBXFrameworksBuildPhase section */

/* Begin PBXGroup section */
		6532C27E2BFC086400DEEA14 /* App */ = {
			isa = PBXGroup;
			children = (
				6532C27D2BFC086400DEEA14 /* PiwiConciergeApp.swift */,
			);
			path = App;
			sourceTree = "<group>";
		};
		6532C2842BFC086400DEEA14 /* Resources */ = {
			isa = PBXGroup;
			children = (
				6532C2802BFC086400DEEA14 /* Placeholder-model-0.usdz */,
				6532C2812BFC086400DEEA14 /* Placeholder-model-1.usdz */,
				6532C2822BFC086400DEEA14 /* Placeholder-model-2.usdz */,
				6532C2832BFC086400DEEA14 /* shopping-cart-animation.json */,
			);
			path = Resources;
			sourceTree = "<group>";
		};
		6532C2932BFC086400DEEA14 /* Dashboard */ = {
			isa = PBXGroup;
			children = (
				65FE1EED2BFDC4A2006BA50B /* Components */,
				6532C2882BFC086400DEEA14 /* DashboardView.swift */,
				6532C2852BFC086400DEEA14 /* CartView.swift */,
				6532C28C2BFC086400DEEA14 /* HomeView.swift */,
				6532C28E2BFC086400DEEA14 /* ProfileView.swift */,
				65FE1EC62BFC3DDF006BA50B /* ProductDetailView.swift */,
				6532C2922BFC086400DEEA14 /* SearchView.swift */,
				654621322C02E3B000BBD319 /* SavedView.swift */,
			);
			path = Dashboard;
			sourceTree = "<group>";
		};
		6532C2972BFC086400DEEA14 /* Views */ = {
			isa = PBXGroup;
			children = (
				6532C2932BFC086400DEEA14 /* Dashboard */,
				6532C2952BFC086400DEEA14 /* PlaceholderView.swift */,
				6532C2962BFC086400DEEA14 /* WelcomeView.swift */,
				6546212F2BFDC60E00BBD319 /* ContentView.swift */,
				6546212E2BFDC60E00BBD319 /* ImmersiveView.swift */,
			);
			path = Views;
			sourceTree = "<group>";
		};
		6532C29B2BFC086400DEEA14 /* Models */ = {
			isa = PBXGroup;
			children = (
				65FE1EC82BFD9417006BA50B /* Product.swift */,
				6532C2992BFC086400DEEA14 /* Profile.swift */,
				654621382C0516B400BBD319 /* SearchBar.swift */,
			);
			path = Models;
			sourceTree = "<group>";
		};
		656A1C302BF2A27B000A86A0 = {
			isa = PBXGroup;
			children = (
				656A1C3B2BF2A27B000A86A0 /* PiwiConcierge */,
				656A1C3C2BF2A27B000A86A0 /* Packages */,
				656A1C532BF2A27D000A86A0 /* PiwiConciergeTests */,
				656A1C3A2BF2A27B000A86A0 /* Products */,
			);
			sourceTree = "<group>";
		};
		656A1C3A2BF2A27B000A86A0 /* Products */ = {
			isa = PBXGroup;
			children = (
				656A1C392BF2A27B000A86A0 /* PiwiConcierge.app */,
				656A1C502BF2A27D000A86A0 /* PiwiConciergeTests.xctest */,
			);
			name = Products;
			sourceTree = "<group>";
		};
		656A1C3B2BF2A27B000A86A0 /* PiwiConcierge */ = {
			isa = PBXGroup;
			children = (
				6532C2972BFC086400DEEA14 /* Views */,
				6532C2842BFC086400DEEA14 /* Resources */,
				6532C29B2BFC086400DEEA14 /* Models */,
				65FE1EEE2BFDC4FC006BA50B /* ViewModels */,
				65FE1EEF2BFDC51D006BA50B /* Utilities */,
				6532C27E2BFC086400DEEA14 /* App */,
				6532C29C2BFC086400DEEA14 /* Assets.xcassets */,
				6532C29D2BFC086500DEEA14 /* README */,
			);
			path = PiwiConcierge;
			sourceTree = "<group>";
		};
		656A1C3C2BF2A27B000A86A0 /* Packages */ = {
			isa = PBXGroup;
			children = (
				656A1C3D2BF2A27B000A86A0 /* RealityKitContent */,
			);
			path = Packages;
			sourceTree = "<group>";
		};
		656A1C532BF2A27D000A86A0 /* PiwiConciergeTests */ = {
			isa = PBXGroup;
			children = (
				656A1C542BF2A27D000A86A0 /* PiwiConciergeTests.swift */,
			);
			path = PiwiConciergeTests;
			sourceTree = "<group>";
		};
		65FE1EED2BFDC4A2006BA50B /* Components */ = {
			isa = PBXGroup;
			children = (
				6532C28B2BFC086400DEEA14 /* HeaderView.swift */,
				6532C2872BFC086400DEEA14 /* CategoryNavigation.swift */,
				6532C2912BFC086400DEEA14 /* RecommendationCarousel.swift */,
				65FE1EC42BFC3D92006BA50B /* GroupedRecommendations.swift */,
				6532C2902BFC086400DEEA14 /* PromotionsSection.swift */,
				6532C28D2BFC086400DEEA14 /* InteractiveProductCard.swift */,
				6532C28A2BFC086400DEEA14 /* FeaturedSection.swift */,
				6532C2892BFC086400DEEA14 /* FeaturedItemCard.swift */,
				6532C2862BFC086400DEEA14 /* CategoryCard.swift */,
				6532C28F2BFC086400DEEA14 /* PromotionCard.swift */,
			);
			path = Components;
			sourceTree = "<group>";
		};
		65FE1EEE2BFDC4FC006BA50B /* ViewModels */ = {
			isa = PBXGroup;
			children = (
				6532C29A2BFC086400DEEA14 /* UserData.swift */,
			);
			path = ViewModels;
			sourceTree = "<group>";
		};
		65FE1EEF2BFDC51D006BA50B /* Utilities */ = {
			isa = PBXGroup;
			children = (
				6532C2982BFC086400DEEA14 /* Constants.swift */,
				6532C2942BFC086400DEEA14 /* LottieView.swift */,
			);
			path = Utilities;
			sourceTree = "<group>";
		};
/* End PBXGroup section */

/* Begin PBXNativeTarget section */
		656A1C382BF2A27B000A86A0 /* PiwiConcierge */ = {
			isa = PBXNativeTarget;
			buildConfigurationList = 656A1C582BF2A27D000A86A0 /* Build configuration list for PBXNativeTarget "PiwiConcierge" */;
			buildPhases = (
				656A1C352BF2A27B000A86A0 /* Sources */,
				656A1C362BF2A27B000A86A0 /* Frameworks */,
				656A1C372BF2A27B000A86A0 /* Resources */,
			);
			buildRules = (
			);
			dependencies = (
			);
			name = PiwiConcierge;
			packageProductDependencies = (
				656A1C3E2BF2A27B000A86A0 /* RealityKitContent */,
				656A1C612BF31067000A86A0 /* Lottie */,
			);
			productName = PiwiConcierge;
			productReference = 656A1C392BF2A27B000A86A0 /* PiwiConcierge.app */;
			productType = "com.apple.product-type.application";
		};
		656A1C4F2BF2A27D000A86A0 /* PiwiConciergeTests */ = {
			isa = PBXNativeTarget;
			buildConfigurationList = 656A1C5B2BF2A27D000A86A0 /* Build configuration list for PBXNativeTarget "PiwiConciergeTests" */;
			buildPhases = (
				656A1C4C2BF2A27D000A86A0 /* Sources */,
				656A1C4D2BF2A27D000A86A0 /* Frameworks */,
				656A1C4E2BF2A27D000A86A0 /* Resources */,
			);
			buildRules = (
			);
			dependencies = (
				656A1C522BF2A27D000A86A0 /* PBXTargetDependency */,
			);
			name = PiwiConciergeTests;
			productName = PiwiConciergeTests;
			productReference = 656A1C502BF2A27D000A86A0 /* PiwiConciergeTests.xctest */;
			productType = "com.apple.product-type.bundle.unit-test";
		};
/* End PBXNativeTarget section */

/* Begin PBXProject section */
		656A1C312BF2A27B000A86A0 /* Project object */ = {
			isa = PBXProject;
			attributes = {
				BuildIndependentTargetsInParallel = 1;
				LastSwiftUpdateCheck = 1530;
				LastUpgradeCheck = 1530;
				TargetAttributes = {
					656A1C382BF2A27B000A86A0 = {
						CreatedOnToolsVersion = 15.3;
					};
					656A1C4F2BF2A27D000A86A0 = {
						CreatedOnToolsVersion = 15.3;
						TestTargetID = 656A1C382BF2A27B000A86A0;
					};
				};
			};
			buildConfigurationList = 656A1C342BF2A27B000A86A0 /* Build configuration list for PBXProject "PiwiConcierge" */;
			compatibilityVersion = "Xcode 14.0";
			developmentRegion = en;
			hasScannedForEncodings = 0;
			knownRegions = (
				en,
				Base,
			);
			mainGroup = 656A1C302BF2A27B000A86A0;
			packageReferences = (
				656A1C602BF31067000A86A0 /* XCRemoteSwiftPackageReference "lottie-ios" */,
			);
			productRefGroup = 656A1C3A2BF2A27B000A86A0 /* Products */;
			projectDirPath = "";
			projectRoot = "";
			targets = (
				656A1C382BF2A27B000A86A0 /* PiwiConcierge */,
				656A1C4F2BF2A27D000A86A0 /* PiwiConciergeTests */,
			);
		};
/* End PBXProject section */

/* Begin PBXResourcesBuildPhase section */
		656A1C372BF2A27B000A86A0 /* Resources */ = {
			isa = PBXResourcesBuildPhase;
			buildActionMask = 2147483647;
			files = (
				6532C2A42BFC086500DEEA14 /* Placeholder-model-2.usdz in Resources */,
				6532C2A52BFC086500DEEA14 /* shopping-cart-animation.json in Resources */,
				6532C2A22BFC086500DEEA14 /* Placeholder-model-0.usdz in Resources */,
				6532C2BA2BFC086500DEEA14 /* Assets.xcassets in Resources */,
				6532C2A32BFC086500DEEA14 /* Placeholder-model-1.usdz in Resources */,
				6532C2BB2BFC086500DEEA14 /* README in Resources */,
			);
			runOnlyForDeploymentPostprocessing = 0;
		};
		656A1C4E2BF2A27D000A86A0 /* Resources */ = {
			isa = PBXResourcesBuildPhase;
			buildActionMask = 2147483647;
			files = (
			);
			runOnlyForDeploymentPostprocessing = 0;
		};
/* End PBXResourcesBuildPhase section */

/* Begin PBXSourcesBuildPhase section */
		656A1C352BF2A27B000A86A0 /* Sources */ = {
			isa = PBXSourcesBuildPhase;
			buildActionMask = 2147483647;
			files = (
				6532C2AE2BFC086500DEEA14 /* InteractiveProductCard.swift in Sources */,
				6532C2AF2BFC086500DEEA14 /* ProfileView.swift in Sources */,
				654621312BFDC60E00BBD319 /* ContentView.swift in Sources */,
				6532C2A02BFC086500DEEA14 /* PiwiConciergeApp.swift in Sources */,
				6532C2A82BFC086500DEEA14 /* CategoryNavigation.swift in Sources */,
				654621332C02E3B000BBD319 /* SavedView.swift in Sources */,
				6532C2AA2BFC086500DEEA14 /* FeaturedItemCard.swift in Sources */,
				6532C2B02BFC086500DEEA14 /* PromotionCard.swift in Sources */,
				6532C2B32BFC086500DEEA14 /* SearchView.swift in Sources */,
				6532C2A72BFC086500DEEA14 /* CategoryCard.swift in Sources */,
				6532C2AB2BFC086500DEEA14 /* FeaturedSection.swift in Sources */,
				6532C2B12BFC086500DEEA14 /* PromotionsSection.swift in Sources */,
				6532C2AD2BFC086500DEEA14 /* HomeView.swift in Sources */,
				6532C2B72BFC086500DEEA14 /* Constants.swift in Sources */,
				6532C2B92BFC086500DEEA14 /* UserData.swift in Sources */,
				6532C2B42BFC086500DEEA14 /* LottieView.swift in Sources */,
				6532C2B52BFC086500DEEA14 /* PlaceholderView.swift in Sources */,
				6532C2B22BFC086500DEEA14 /* RecommendationCarousel.swift in Sources */,
				6532C2AC2BFC086500DEEA14 /* HeaderView.swift in Sources */,
				6532C2B62BFC086500DEEA14 /* WelcomeView.swift in Sources */,
				6532C2A92BFC086500DEEA14 /* DashboardView.swift in Sources */,
				654621392C0516B400BBD319 /* SearchBar.swift in Sources */,
				654621302BFDC60E00BBD319 /* ImmersiveView.swift in Sources */,
				6532C2B82BFC086500DEEA14 /* Profile.swift in Sources */,
				65FE1EC72BFC3DDF006BA50B /* ProductDetailView.swift in Sources */,
				65FE1EC52BFC3D92006BA50B /* GroupedRecommendations.swift in Sources */,
				6532C2A62BFC086500DEEA14 /* CartView.swift in Sources */,
				65FE1EC92BFD9417006BA50B /* Product.swift in Sources */,
			);
			runOnlyForDeploymentPostprocessing = 0;
		};
		656A1C4C2BF2A27D000A86A0 /* Sources */ = {
			isa = PBXSourcesBuildPhase;
			buildActionMask = 2147483647;
			files = (
				656A1C552BF2A27D000A86A0 /* PiwiConciergeTests.swift in Sources */,
			);
			runOnlyForDeploymentPostprocessing = 0;
		};
/* End PBXSourcesBuildPhase section */

/* Begin PBXTargetDependency section */
		656A1C522BF2A27D000A86A0 /* PBXTargetDependency */ = {
			isa = PBXTargetDependency;
			target = 656A1C382BF2A27B000A86A0 /* PiwiConcierge */;
			targetProxy = 656A1C512BF2A27D000A86A0 /* PBXContainerItemProxy */;
		};
/* End PBXTargetDependency section */

/* Begin XCBuildConfiguration section */
		656A1C562BF2A27D000A86A0 /* Debug */ = {
			isa = XCBuildConfiguration;
			buildSettings = {
				ALWAYS_SEARCH_USER_PATHS = NO;
				ASSETCATALOG_COMPILER_GENERATE_SWIFT_ASSET_SYMBOL_EXTENSIONS = YES;
				CLANG_ANALYZER_NONNULL = YES;
				CLANG_ANALYZER_NUMBER_OBJECT_CONVERSION = YES_AGGRESSIVE;
				CLANG_CXX_LANGUAGE_STANDARD = "gnu++20";
				CLANG_ENABLE_MODULES = YES;
				CLANG_ENABLE_OBJC_ARC = YES;
				CLANG_ENABLE_OBJC_WEAK = YES;
				CLANG_WARN_BLOCK_CAPTURE_AUTORELEASING = YES;
				CLANG_WARN_BOOL_CONVERSION = YES;
				CLANG_WARN_COMMA = YES;
				CLANG_WARN_CONSTANT_CONVERSION = YES;
				CLANG_WARN_DEPRECATED_OBJC_IMPLEMENTATIONS = YES;
				CLANG_WARN_DIRECT_OBJC_ISA_USAGE = YES_ERROR;
				CLANG_WARN_DOCUMENTATION_COMMENTS = YES;
				CLANG_WARN_EMPTY_BODY = YES;
				CLANG_WARN_ENUM_CONVERSION = YES;
				CLANG_WARN_INFINITE_RECURSION = YES;
				CLANG_WARN_INT_CONVERSION = YES;
				CLANG_WARN_NON_LITERAL_NULL_CONVERSION = YES;
				CLANG_WARN_OBJC_IMPLICIT_RETAIN_SELF = YES;
				CLANG_WARN_OBJC_LITERAL_CONVERSION = YES;
				CLANG_WARN_OBJC_ROOT_CLASS = YES_ERROR;
				CLANG_WARN_QUOTED_INCLUDE_IN_FRAMEWORK_HEADER = YES;
				CLANG_WARN_RANGE_LOOP_ANALYSIS = YES;
				CLANG_WARN_STRICT_PROTOTYPES = YES;
				CLANG_WARN_SUSPICIOUS_MOVE = YES;
				CLANG_WARN_UNGUARDED_AVAILABILITY = YES_AGGRESSIVE;
				CLANG_WARN_UNREACHABLE_CODE = YES;
				CLANG_WARN__DUPLICATE_METHOD_MATCH = YES;
				COPY_PHASE_STRIP = NO;
				DEBUG_INFORMATION_FORMAT = dwarf;
				ENABLE_STRICT_OBJC_MSGSEND = YES;
				ENABLE_TESTABILITY = YES;
				ENABLE_USER_SCRIPT_SANDBOXING = YES;
				GCC_C_LANGUAGE_STANDARD = gnu17;
				GCC_DYNAMIC_NO_PIC = NO;
				GCC_NO_COMMON_BLOCKS = YES;
				GCC_OPTIMIZATION_LEVEL = 0;
				GCC_PREPROCESSOR_DEFINITIONS = (
					"DEBUG=1",
					"$(inherited)",
				);
				GCC_WARN_64_TO_32_BIT_CONVERSION = YES;
				GCC_WARN_ABOUT_RETURN_TYPE = YES_ERROR;
				GCC_WARN_UNDECLARED_SELECTOR = YES;
				GCC_WARN_UNINITIALIZED_AUTOS = YES_AGGRESSIVE;
				GCC_WARN_UNUSED_FUNCTION = YES;
				GCC_WARN_UNUSED_VARIABLE = YES;
				LOCALIZATION_PREFERS_STRING_CATALOGS = YES;
				MTL_ENABLE_DEBUG_INFO = INCLUDE_SOURCE;
				MTL_FAST_MATH = YES;
				ONLY_ACTIVE_ARCH = YES;
				SDKROOT = xros;
				SWIFT_ACTIVE_COMPILATION_CONDITIONS = "DEBUG $(inherited)";
				SWIFT_OPTIMIZATION_LEVEL = "-Onone";
				XROS_DEPLOYMENT_TARGET = 1.1;
			};
			name = Debug;
		};
		656A1C572BF2A27D000A86A0 /* Release */ = {
			isa = XCBuildConfiguration;
			buildSettings = {
				ALWAYS_SEARCH_USER_PATHS = NO;
				ASSETCATALOG_COMPILER_GENERATE_SWIFT_ASSET_SYMBOL_EXTENSIONS = YES;
				CLANG_ANALYZER_NONNULL = YES;
				CLANG_ANALYZER_NUMBER_OBJECT_CONVERSION = YES_AGGRESSIVE;
				CLANG_CXX_LANGUAGE_STANDARD = "gnu++20";
				CLANG_ENABLE_MODULES = YES;
				CLANG_ENABLE_OBJC_ARC = YES;
				CLANG_ENABLE_OBJC_WEAK = YES;
				CLANG_WARN_BLOCK_CAPTURE_AUTORELEASING = YES;
				CLANG_WARN_BOOL_CONVERSION = YES;
				CLANG_WARN_COMMA = YES;
				CLANG_WARN_CONSTANT_CONVERSION = YES;
				CLANG_WARN_DEPRECATED_OBJC_IMPLEMENTATIONS = YES;
				CLANG_WARN_DIRECT_OBJC_ISA_USAGE = YES_ERROR;
				CLANG_WARN_DOCUMENTATION_COMMENTS = YES;
				CLANG_WARN_EMPTY_BODY = YES;
				CLANG_WARN_ENUM_CONVERSION = YES;
				CLANG_WARN_INFINITE_RECURSION = YES;
				CLANG_WARN_INT_CONVERSION = YES;
				CLANG_WARN_NON_LITERAL_NULL_CONVERSION = YES;
				CLANG_WARN_OBJC_IMPLICIT_RETAIN_SELF = YES;
				CLANG_WARN_OBJC_LITERAL_CONVERSION = YES;
				CLANG_WARN_OBJC_ROOT_CLASS = YES_ERROR;
				CLANG_WARN_QUOTED_INCLUDE_IN_FRAMEWORK_HEADER = YES;
				CLANG_WARN_RANGE_LOOP_ANALYSIS = YES;
				CLANG_WARN_STRICT_PROTOTYPES = YES;
				CLANG_WARN_SUSPICIOUS_MOVE = YES;
				CLANG_WARN_UNGUARDED_AVAILABILITY = YES_AGGRESSIVE;
				CLANG_WARN_UNREACHABLE_CODE = YES;
				CLANG_WARN__DUPLICATE_METHOD_MATCH = YES;
				COPY_PHASE_STRIP = NO;
				DEBUG_INFORMATION_FORMAT = "dwarf-with-dsym";
				ENABLE_NS_ASSERTIONS = NO;
				ENABLE_STRICT_OBJC_MSGSEND = YES;
				ENABLE_USER_SCRIPT_SANDBOXING = YES;
				GCC_C_LANGUAGE_STANDARD = gnu17;
				GCC_NO_COMMON_BLOCKS = YES;
				GCC_WARN_64_TO_32_BIT_CONVERSION = YES;
				GCC_WARN_ABOUT_RETURN_TYPE = YES_ERROR;
				GCC_WARN_UNDECLARED_SELECTOR = YES;
				GCC_WARN_UNINITIALIZED_AUTOS = YES_AGGRESSIVE;
				GCC_WARN_UNUSED_FUNCTION = YES;
				GCC_WARN_UNUSED_VARIABLE = YES;
				LOCALIZATION_PREFERS_STRING_CATALOGS = YES;
				MTL_ENABLE_DEBUG_INFO = NO;
				MTL_FAST_MATH = YES;
				SDKROOT = xros;
				SWIFT_COMPILATION_MODE = wholemodule;
				VALIDATE_PRODUCT = YES;
				XROS_DEPLOYMENT_TARGET = 1.1;
			};
			name = Release;
		};
		656A1C592BF2A27D000A86A0 /* Debug */ = {
			isa = XCBuildConfiguration;
			buildSettings = {
				ASSETCATALOG_COMPILER_APPICON_NAME = AppIcon;
				ASSETCATALOG_COMPILER_GLOBAL_ACCENT_COLOR_NAME = AccentColor;
				CODE_SIGN_STYLE = Automatic;
				CURRENT_PROJECT_VERSION = 1;
				DEVELOPMENT_ASSET_PATHS = "\"PiwiConcierge/Preview Content\"";
				DEVELOPMENT_TEAM = 99J8ZFWH4H;
				ENABLE_PREVIEWS = YES;
				GENERATE_INFOPLIST_FILE = YES;
				INFOPLIST_FILE = "$(TARGET_NAME)/Info.plist";
				LD_RUNPATH_SEARCH_PATHS = (
					"$(inherited)",
					"@executable_path/Frameworks",
				);
				MARKETING_VERSION = 1.0;
				PRODUCT_BUNDLE_IDENTIFIER = IceCrispy.PiwiConcierge;
				PRODUCT_NAME = "$(TARGET_NAME)";
				SUPPORTED_PLATFORMS = "xros xrsimulator";
				SWIFT_EMIT_LOC_STRINGS = YES;
				SWIFT_VERSION = 5.0;
				TARGETED_DEVICE_FAMILY = "1,2,7";
			};
			name = Debug;
		};
		656A1C5A2BF2A27D000A86A0 /* Release */ = {
			isa = XCBuildConfiguration;
			buildSettings = {
				ASSETCATALOG_COMPILER_APPICON_NAME = AppIcon;
				ASSETCATALOG_COMPILER_GLOBAL_ACCENT_COLOR_NAME = AccentColor;
				CODE_SIGN_STYLE = Automatic;
				CURRENT_PROJECT_VERSION = 1;
				DEVELOPMENT_ASSET_PATHS = "\"PiwiConcierge/Preview Content\"";
				DEVELOPMENT_TEAM = 99J8ZFWH4H;
				ENABLE_PREVIEWS = YES;
				GENERATE_INFOPLIST_FILE = YES;
				INFOPLIST_FILE = "$(TARGET_NAME)/Info.plist";
				LD_RUNPATH_SEARCH_PATHS = (
					"$(inherited)",
					"@executable_path/Frameworks",
				);
				MARKETING_VERSION = 1.0;
				PRODUCT_BUNDLE_IDENTIFIER = IceCrispy.PiwiConcierge;
				PRODUCT_NAME = "$(TARGET_NAME)";
				SUPPORTED_PLATFORMS = "xros xrsimulator";
				SWIFT_EMIT_LOC_STRINGS = YES;
				SWIFT_VERSION = 5.0;
				TARGETED_DEVICE_FAMILY = "1,2,7";
			};
			name = Release;
		};
		656A1C5C2BF2A27D000A86A0 /* Debug */ = {
			isa = XCBuildConfiguration;
			buildSettings = {
				ALWAYS_EMBED_SWIFT_STANDARD_LIBRARIES = YES;
				BUNDLE_LOADER = "$(TEST_HOST)";
				CODE_SIGN_STYLE = Automatic;
				CURRENT_PROJECT_VERSION = 1;
				DEVELOPMENT_TEAM = 99J8ZFWH4H;
				GENERATE_INFOPLIST_FILE = YES;
				MARKETING_VERSION = 1.0;
				PRODUCT_BUNDLE_IDENTIFIER = IceCrispy.PiwiConciergeTests;
				PRODUCT_NAME = "$(TARGET_NAME)";
				SUPPORTED_PLATFORMS = "xros xrsimulator";
				SWIFT_EMIT_LOC_STRINGS = NO;
				SWIFT_VERSION = 5.0;
				TARGETED_DEVICE_FAMILY = "1,2,7";
				TEST_HOST = "$(BUILT_PRODUCTS_DIR)/PiwiConcierge.app/$(BUNDLE_EXECUTABLE_FOLDER_PATH)/PiwiConcierge";
				XROS_DEPLOYMENT_TARGET = 1.1;
			};
			name = Debug;
		};
		656A1C5D2BF2A27D000A86A0 /* Release */ = {
			isa = XCBuildConfiguration;
			buildSettings = {
				ALWAYS_EMBED_SWIFT_STANDARD_LIBRARIES = YES;
				BUNDLE_LOADER = "$(TEST_HOST)";
				CODE_SIGN_STYLE = Automatic;
				CURRENT_PROJECT_VERSION = 1;
				DEVELOPMENT_TEAM = 99J8ZFWH4H;
				GENERATE_INFOPLIST_FILE = YES;
				MARKETING_VERSION = 1.0;
				PRODUCT_BUNDLE_IDENTIFIER = IceCrispy.PiwiConciergeTests;
				PRODUCT_NAME = "$(TARGET_NAME)";
				SUPPORTED_PLATFORMS = "xros xrsimulator";
				SWIFT_EMIT_LOC_STRINGS = NO;
				SWIFT_VERSION = 5.0;
				TARGETED_DEVICE_FAMILY = "1,2,7";
				TEST_HOST = "$(BUILT_PRODUCTS_DIR)/PiwiConcierge.app/$(BUNDLE_EXECUTABLE_FOLDER_PATH)/PiwiConcierge";
				XROS_DEPLOYMENT_TARGET = 1.1;
			};
			name = Release;
		};
/* End XCBuildConfiguration section */

/* Begin XCConfigurationList section */
		656A1C342BF2A27B000A86A0 /* Build configuration list for PBXProject "PiwiConcierge" */ = {
			isa = XCConfigurationList;
			buildConfigurations = (
				656A1C562BF2A27D000A86A0 /* Debug */,
				656A1C572BF2A27D000A86A0 /* Release */,
			);
			defaultConfigurationIsVisible = 0;
			defaultConfigurationName = Release;
		};
		656A1C582BF2A27D000A86A0 /* Build configuration list for PBXNativeTarget "PiwiConcierge" */ = {
			isa = XCConfigurationList;
			buildConfigurations = (
				656A1C592BF2A27D000A86A0 /* Debug */,
				656A1C5A2BF2A27D000A86A0 /* Release */,
			);
			defaultConfigurationIsVisible = 0;
			defaultConfigurationName = Release;
		};
		656A1C5B2BF2A27D000A86A0 /* Build configuration list for PBXNativeTarget "PiwiConciergeTests" */ = {
			isa = XCConfigurationList;
			buildConfigurations = (
				656A1C5C2BF2A27D000A86A0 /* Debug */,
				656A1C5D2BF2A27D000A86A0 /* Release */,
			);
			defaultConfigurationIsVisible = 0;
			defaultConfigurationName = Release;
		};
/* End XCConfigurationList section */

/* Begin XCRemoteSwiftPackageReference section */
		656A1C602BF31067000A86A0 /* XCRemoteSwiftPackageReference "lottie-ios" */ = {
			isa = XCRemoteSwiftPackageReference;
			repositoryURL = "https://github.com/airbnb/lottie-ios";
			requirement = {
				kind = upToNextMajorVersion;
				minimumVersion = 4.4.3;
			};
		};
/* End XCRemoteSwiftPackageReference section */

/* Begin XCSwiftPackageProductDependency section */
		656A1C3E2BF2A27B000A86A0 /* RealityKitContent */ = {
			isa = XCSwiftPackageProductDependency;
			productName = RealityKitContent;
		};
		656A1C612BF31067000A86A0 /* Lottie */ = {
			isa = XCSwiftPackageProductDependency;
			package = 656A1C602BF31067000A86A0 /* XCRemoteSwiftPackageReference "lottie-ios" */;
			productName = Lottie;
		};
/* End XCSwiftPackageProductDependency section */
	};
	rootObject = 656A1C312BF2A27B000A86A0 /* Project object */;
}
